{
  "upstream_repository": "mistralai/platform-docs-public",
  "upstream_spec_path": "openapi.yaml",
  "upstream_commit": "ff846cf93d91df6fe04d0a5e540ecbe1e0ecc691",
  "spec_sha256": "60f5e92dcc4cae89a1c1eec614c409a1ce9da37f1e856d2868ff6734474f5859",
  "generator": "openapi-to-rust",
  "generator_version": "0.16.0",
  "generator_config": "codegen/openapi-to-rust.toml",
  "rust_toolchain": "1.94.0",
  "generator_repository": "gpu-cli/openapi-to-rust",
  "generator_commit": "2af34b86ca9f38c35787f13ec5841989efcf4b99",
  "generator_patch_sha256": "79ac91df99c5cbb25ee9c20a9e4cf67336833bcac63040aa6d0983148bd4c2eb",
  "ruamel_yaml_version": "0.18.6"
}
