{
  "upstream_repository": "mistralai/platform-docs-public",
  "upstream_spec_path": "openapi.yaml",
  "upstream_commit": "ff846cf93d91df6fe04d0a5e540ecbe1e0ecc691",
  "spec_sha256": "60f5e92dcc4cae89a1c1eec614c409a1ce9da37f1e856d2868ff6734474f5859",
  "generator": "openapi-to-rust",
  "generator_version": "0.16.0",
  "generator_config": "codegen/openapi-to-rust.toml",
  "rust_toolchain": "1.94.0",
  "generator_repository": "gpu-cli/openapi-to-rust",
  "generator_commit": "2af34b86ca9f38c35787f13ec5841989efcf4b99",
  "generator_patch_sha256": "6b70ecc9bbc81d60ae0883abbd64f473e748ee43920683827dcca897c7d23493",
  "ruamel_yaml_version": "0.18.6",
  "tree_sitter_version": "0.25.2",
  "tree_sitter_rust_version": "0.24.0",
  "jsonschema_version": "4.23.0",
  "cargo_semver_checks_version": "0.50.0"
}
